
Microsoft Visual Studio Solution File, Format Version 12.00
# Visual Studio Version 16
VisualStudioVersion = 16.0.31702.278
MinimumVisualStudioVersion = 10.0.40219.1
Project("{FAE04EC0-301F-11D3-BF4B-00C04F79EFBC}") = "Client_orders", "Client_orders\Client_orders.csproj", "{A27CFEF9-7812-4EBA-964B-0554985FE76D}"
EndProject
Global
	GlobalSection(SolutionConfigurationPlatforms) = preSolution
		Debug|Any CPU = Debug|Any CPU
		Release|Any CPU = Release|Any CPU
	EndGlobalSection
	GlobalSection(ProjectConfigurationPlatforms) = postSolution
		{A27CFEF9-7812-4EBA-964B-0554985FE76D}.Debug|Any CPU.ActiveCfg = Debug|Any CPU
		{A27CFEF9-7812-4EBA-964B-0554985FE76D}.Debug|Any CPU.Build.0 = Debug|Any CPU
		{A27CFEF9-7812-4EBA-964B-0554985FE76D}.Release|Any CPU.ActiveCfg = Release|Any CPU
		{A27CFEF9-7812-4EBA-964B-0554985FE76D}.Release|Any CPU.Build.0 = Release|Any CPU
	EndGlobalSection
	GlobalSection(SolutionProperties) = preSolution
		HideSolutionNode = FALSE
	EndGlobalSection
	GlobalSection(ExtensibilityGlobals) = postSolution
		SolutionGuid = {205E9391-1968-47CB-91BD-1B1C15EFA1DF}
	EndGlobalSection
EndGlobal
